<?xml version="1.0" encoding="utf-8"?>
<Project ToolsVersion="4.0" xmlns="http://schemas.microsoft.com/developer/msbuild/2003">
  <ItemGroup>
    <ClInclude Include="CpuState.h" />
    <ClInclude Include="InstructionInfo.h" />
    <ClInclude Include="Async.h" />
    <ClInclude Include="CpuZ80Host.h" />
    <ClInclude Include="CpuZ80.h" />
    <ClInclude Include="ClockTick.h" />
    <ClInclude Include="InstructionsZ80.h" />
    <ClInclude Include="Types.h" />
    <ClInclude Include="ClockInstruction.h" />
    <ClInclude Include="FunctionsZ80.h" />
    <ClInclude Include="CpuAlu.h" />
    <ClInclude Include="FlagsZ80.h" />
  </ItemGroup>
  <ItemGroup>
    <ClCompile Include="Instructions.Arithmetic8.c" />
    <ClCompile Include="Instructions.Arithmetic16.c" />
    <ClCompile Include="Instructions.BitSetTest.c" />
    <ClCompile Include="Instructions.CallReturn.c" />
    <ClCompile Include="Instructions.ExchangeBlockTransfer.c" />
    <ClCompile Include="Instructions.GeneralPurposeControl.c" />
    <ClCompile Include="Instructions.Generic.c" />
    <ClCompile Include="Instructions.InputOutput.c" />
    <ClCompile Include="Instructions.Jump.c" />
    <ClCompile Include="Instructions.Load8.c" />
    <ClCompile Include="Instructions.Load16.c" />
    <ClCompile Include="Instructions.RotateShift.c" />
    <ClCompile Include="ClockTick.c" />
    <ClCompile Include="CpuZ80.c" />
    <ClCompile Include="ClockInstruction.c" />
    <ClCompile Include="InstructionsZ80.c" />
    <ClCompile Include="InstructionTablesZ80.c" />
    <ClCompile Include="FlagsZ80.c" />
  </ItemGroup>
</Project>