
Microsoft Visual Studio Solution File, Format Version 12.00
# Visual Studio 15
VisualStudioVersion = 15.0.28307.271
MinimumVisualStudioVersion = 10.0.40219.1
Project("{8BC9CEB8-8B4A-11D0-8D11-00A0C91BC942}") = "Jacobi.CpuZ80", "Jacobi.CpuZ80\Jacobi.CpuZ80.vcxproj", "{88C81A4A-C54B-4B16-9A60-819370A339D8}"
EndProject
Project("{FAE04EC0-301F-11D3-BF4B-00C04F79EFBC}") = "Jacobi.CpuZ80.Meta", "Jacobi.CpuZ80.Meta\Jacobi.CpuZ80.Meta.csproj", "{F8716737-5D19-49DC-B5B8-81A0AC7F9ED4}"
EndProject
Project("{2150E333-8FDC-42A3-9474-1A3956D46DE8}") = "Solution Items", "Solution Items", "{A166A632-EF53-4A34-9D03-C0312E72AA9F}"
	ProjectSection(SolutionItems) = preProject
		.gitignore = .gitignore
	EndProjectSection
EndProject
Project("{FAE04EC0-301F-11D3-BF4B-00C04F79EFBC}") = "Jacobi.CpuZ80.Meta.Tests", "Jacobi.CpuZ80.Meta.Tests\Jacobi.CpuZ80.Meta.Tests.csproj", "{EF075CDA-A734-40E0-99D5-02F45281D19A}"
EndProject
Project("{8BC9CEB8-8B4A-11D0-8D11-00A0C91BC942}") = "Jacobi.CpuZ80.Tests", "Jacobi.CpuZ80.Tests\Jacobi.CpuZ80.Tests.vcxproj", "{A7457F14-20D4-4298-BC69-9B24716E2F8D}"
EndProject
Global
	GlobalSection(SolutionConfigurationPlatforms) = preSolution
		Debug|Any CPU = Debug|Any CPU
		Debug|x64 = Debug|x64
		Debug|x86 = Debug|x86
		Release|Any CPU = Release|Any CPU
		Release|x64 = Release|x64
		Release|x86 = Release|x86
	EndGlobalSection
	GlobalSection(ProjectConfigurationPlatforms) = postSolution
		{88C81A4A-C54B-4B16-9A60-819370A339D8}.Debug|Any CPU.ActiveCfg = Debug|Win32
		{88C81A4A-C54B-4B16-9A60-819370A339D8}.Debug|Any CPU.Build.0 = Debug|Win32
		{88C81A4A-C54B-4B16-9A60-819370A339D8}.Debug|x64.ActiveCfg = Debug|x64
		{88C81A4A-C54B-4B16-9A60-819370A339D8}.Debug|x64.Build.0 = Debug|x64
		{88C81A4A-C54B-4B16-9A60-819370A339D8}.Debug|x86.ActiveCfg = Debug|Win32
		{88C81A4A-C54B-4B16-9A60-819370A339D8}.Debug|x86.Build.0 = Debug|Win32
		{88C81A4A-C54B-4B16-9A60-819370A339D8}.Release|Any CPU.ActiveCfg = Release|Win32
		{88C81A4A-C54B-4B16-9A60-819370A339D8}.Release|Any CPU.Build.0 = Release|Win32
		{88C81A4A-C54B-4B16-9A60-819370A339D8}.Release|x64.ActiveCfg = Release|x64
		{88C81A4A-C54B-4B16-9A60-819370A339D8}.Release|x64.Build.0 = Release|x64
		{88C81A4A-C54B-4B16-9A60-819370A339D8}.Release|x86.ActiveCfg = Release|Win32
		{88C81A4A-C54B-4B16-9A60-819370A339D8}.Release|x86.Build.0 = Release|Win32
		{F8716737-5D19-49DC-B5B8-81A0AC7F9ED4}.Debug|Any CPU.ActiveCfg = Debug|Any CPU
		{F8716737-5D19-49DC-B5B8-81A0AC7F9ED4}.Debug|Any CPU.Build.0 = Debug|Any CPU
		{F8716737-5D19-49DC-B5B8-81A0AC7F9ED4}.Debug|x64.ActiveCfg = Debug|Any CPU
		{F8716737-5D19-49DC-B5B8-81A0AC7F9ED4}.Debug|x64.Build.0 = Debug|Any CPU
		{F8716737-5D19-49DC-B5B8-81A0AC7F9ED4}.Debug|x86.ActiveCfg = Debug|Any CPU
		{F8716737-5D19-49DC-B5B8-81A0AC7F9ED4}.Debug|x86.Build.0 = Debug|Any CPU
		{F8716737-5D19-49DC-B5B8-81A0AC7F9ED4}.Release|Any CPU.ActiveCfg = Release|Any CPU
		{F8716737-5D19-49DC-B5B8-81A0AC7F9ED4}.Release|Any CPU.Build.0 = Release|Any CPU
		{F8716737-5D19-49DC-B5B8-81A0AC7F9ED4}.Release|x64.ActiveCfg = Release|Any CPU
		{F8716737-5D19-49DC-B5B8-81A0AC7F9ED4}.Release|x64.Build.0 = Release|Any CPU
		{F8716737-5D19-49DC-B5B8-81A0AC7F9ED4}.Release|x86.ActiveCfg = Release|Any CPU
		{F8716737-5D19-49DC-B5B8-81A0AC7F9ED4}.Release|x86.Build.0 = Release|Any CPU
		{EF075CDA-A734-40E0-99D5-02F45281D19A}.Debug|Any CPU.ActiveCfg = Debug|Any CPU
		{EF075CDA-A734-40E0-99D5-02F45281D19A}.Debug|Any CPU.Build.0 = Debug|Any CPU
		{EF075CDA-A734-40E0-99D5-02F45281D19A}.Debug|x64.ActiveCfg = Debug|Any CPU
		{EF075CDA-A734-40E0-99D5-02F45281D19A}.Debug|x64.Build.0 = Debug|Any CPU
		{EF075CDA-A734-40E0-99D5-02F45281D19A}.Debug|x86.ActiveCfg = Debug|Any CPU
		{EF075CDA-A734-40E0-99D5-02F45281D19A}.Debug|x86.Build.0 = Debug|Any CPU
		{EF075CDA-A734-40E0-99D5-02F45281D19A}.Release|Any CPU.ActiveCfg = Release|Any CPU
		{EF075CDA-A734-40E0-99D5-02F45281D19A}.Release|Any CPU.Build.0 = Release|Any CPU
		{EF075CDA-A734-40E0-99D5-02F45281D19A}.Release|x64.ActiveCfg = Release|Any CPU
		{EF075CDA-A734-40E0-99D5-02F45281D19A}.Release|x64.Build.0 = Release|Any CPU
		{EF075CDA-A734-40E0-99D5-02F45281D19A}.Release|x86.ActiveCfg = Release|Any CPU
		{EF075CDA-A734-40E0-99D5-02F45281D19A}.Release|x86.Build.0 = Release|Any CPU
		{A7457F14-20D4-4298-BC69-9B24716E2F8D}.Debug|Any CPU.ActiveCfg = Debug|Win32
		{A7457F14-20D4-4298-BC69-9B24716E2F8D}.Debug|Any CPU.Build.0 = Debug|Win32
		{A7457F14-20D4-4298-BC69-9B24716E2F8D}.Debug|x64.ActiveCfg = Debug|x64
		{A7457F14-20D4-4298-BC69-9B24716E2F8D}.Debug|x64.Build.0 = Debug|x64
		{A7457F14-20D4-4298-BC69-9B24716E2F8D}.Debug|x86.ActiveCfg = Debug|Win32
		{A7457F14-20D4-4298-BC69-9B24716E2F8D}.Debug|x86.Build.0 = Debug|Win32
		{A7457F14-20D4-4298-BC69-9B24716E2F8D}.Release|Any CPU.ActiveCfg = Release|Win32
		{A7457F14-20D4-4298-BC69-9B24716E2F8D}.Release|Any CPU.Build.0 = Release|Win32
		{A7457F14-20D4-4298-BC69-9B24716E2F8D}.Release|x64.ActiveCfg = Release|x64
		{A7457F14-20D4-4298-BC69-9B24716E2F8D}.Release|x64.Build.0 = Release|x64
		{A7457F14-20D4-4298-BC69-9B24716E2F8D}.Release|x86.ActiveCfg = Release|Win32
		{A7457F14-20D4-4298-BC69-9B24716E2F8D}.Release|x86.Build.0 = Release|Win32
	EndGlobalSection
	GlobalSection(SolutionProperties) = preSolution
		HideSolutionNode = FALSE
	EndGlobalSection
	GlobalSection(ExtensibilityGlobals) = postSolution
		SolutionGuid = {D2B6946B-6061-4E58-8F24-566855DC9985}
	EndGlobalSection
EndGlobal
